[[package]]
name = "ansible"
version = "5.10.0"
description = "Radically simple IT automation"
category = "main"
optional = false
python-versions = ">=3.8"

[package.dependencies]
ansible-core = ">=2.12.7,<2.13.0"

[[package]]
name = "ansible-core"
version = "2.12.10"
description = "Radically simple IT automation"
category = "main"
optional = false
python-versions = ">=3.8"

[package.dependencies]
cryptography = "*"
jinja2 = "*"
packaging = "*"
PyYAML = "*"
resolvelib = ">=0.5.3,<0.6.0"

[[package]]
name = "cffi"
version = "1.16.0"
description = "Foreign Function Interface for Python calling C code."
category = "main"
optional = false
python-versions = ">=3.8"

[package.dependencies]
pycparser = "*"

[[package]]
name = "cryptography"
version = "42.0.5"
description = "cryptography is a package which provides cryptographic recipes and primitives to Python developers."
category = "main"
optional = false
python-versions = ">=3.7"

[package.dependencies]
cffi = {version = ">=1.12", markers = "platform_python_implementation != \"PyPy\""}

[package.extras]
docs = ["sphinx (>=5.3.0)", "sphinx-rtd-theme (>=1.1.1)"]
docstest = ["pyenchant (>=1.6.11)", "readme-renderer", "sphinxcontrib-spelling (>=4.0.1)"]
nox = ["nox"]
pep8test = ["ruff", "mypy", "check-sdist", "click"]
sdist = ["build"]
ssh = ["bcrypt (>=3.1.5)"]
test = ["pytest (>=6.2.0)", "pytest-benchmark", "pytest-cov", "pytest-xdist", "pretend", "certifi"]
test-randomorder = ["pytest-randomly"]

[[package]]
name = "jinja2"
version = "3.1.3"
description = "A very fast and expressive template engine."
category = "main"
optional = false
python-versions = ">=3.7"

[package.dependencies]
MarkupSafe = ">=2.0"

[package.extras]
i18n = ["Babel (>=2.7)"]

[[package]]
name = "markupsafe"
version = "2.1.5"
description = "Safely add untrusted strings to HTML/XML markup."
category = "main"
optional = false
python-versions = ">=3.7"

[[package]]
name = "packaging"
version = "24.0"
description = "Core utilities for Python packages"
category = "main"
optional = false
python-versions = ">=3.7"

[[package]]
name = "pycparser"
version = "2.21"
description = "C parser in Python"
category = "main"
optional = false
python-versions = "*"

[[package]]
name = "pyyaml"
version = "6.0.1"
description = "YAML parser and emitter for Python"
category = "main"
optional = false
python-versions = ">=3.6"

[[package]]
name = "resolvelib"
version = "0.5.5"
description = "Resolve abstract dependencies into concrete ones"
category = "main"
optional = false
python-versions = "*"

[package.extras]
examples = ["html5lib", "packaging", "pygraphviz", "requests"]
lint = ["black", "flake8"]
release = ["setl", "towncrier"]
test = ["commentjson", "packaging", "pytest"]

[metadata]
lock-version = "1.1"
python-versions = "^3.8"
content-hash = "60624fb7823a7cb6f95af309f47b80e666e0cf996e0341be812e3a52f371755d"

[metadata.files]
ansible = []
ansible-core = []
cffi = []
cryptography = []
jinja2 = []
markupsafe = []
packaging = []
pycparser = []
pyyaml = []
resolvelib = [
    {file = "resolvelib-0.5.5-py2.py3-none-any.whl", hash = "sha256:b0143b9d074550a6c5163a0f587e49c49017434e3cdfe853941725f5455dd29c"},
    {file = "resolvelib-0.5.5.tar.gz", hash = "sha256:123de56548c90df85137425a3f51eb93df89e2ba719aeb6a8023c032758be950"},
]
